# This file is autogenerated, do not edit; changes may be undone by the next 'dep ensure'.


[[projects]]
  name = "github.com/davecgh/go-spew"
  packages = ["spew"]
  revision = "346938d642f2ec3594ed81d874461961cd0faa76"
  version = "v1.1.0"

[[projects]]
  name = "github.com/inconshreveable/mousetrap"
  packages = ["."]
  revision = "76626ae9c91c4f2a10f34cad8ce83ea42c93bb75"
  version = "v1.0"

[[projects]]
  branch = "master"
  name = "github.com/lestrrat-go/jwx"
  packages = [
    "internal/base64",
    "internal/option",
    "jwa",
    "jwk",
    "jws",
    "jws/sign",
    "jws/verify",
    "jwt"
  ]
  revision = "a95bda93e9bfe67fec3b537c3d1541d267a332fc"

[[projects]]
  branch = "master"
  name = "github.com/lestrrat-go/pdebug"
  packages = ["."]
  revision = "39f9a71bcabe9432cbdfe4d3d33f41988acd2ce6"

[[projects]]
  name = "github.com/pkg/errors"
  packages = ["."]
  revision = "645ef00459ed84a119197bfb8d8205042c6df63d"
  version = "v0.8.0"

[[projects]]
  name = "github.com/spf13/cobra"
  packages = ["."]
  revision = "ef82de70bb3f60c65fb8eebacbb2d122ef517385"
  version = "v0.0.3"

[[projects]]
  name = "github.com/spf13/pflag"
  packages = ["."]
  revision = "583c0c0531f06d5278b7d917446061adc344b5cd"
  version = "v1.0.1"

[solve-meta]
  analyzer-name = "dep"
  analyzer-version = 1
  inputs-digest = "7430b1ba03b812dd2903f408e52301bd19ceca5207f9367675b15bd7e1c36cec"
  solver-name = "gps-cdcl"
  solver-version = 1
